// !$*UTF8*$!
{
	archiveVersion = 1;
	classes = {
	};
	objectVersion = 56;
	objects = {

/* Begin PBXBuildFile section */
		BC6075DA2C0CB63000E6FF85 /* CustomVideoPlayer.swift in Sources */ = {isa = PBXBuildFile; fileRef = BC6075D92C0CB63000E6FF85 /* CustomVideoPlayer.swift */; };
		BCAF7CF32C0A359D00C4AAA9 /* TikTokApp.swift in Sources */ = {isa = PBXBuildFile; fileRef = BCAF7CF22C0A359D00C4AAA9 /* TikTokApp.swift */; };
		BCAF7CF52C0A359D00C4AAA9 /* ContentView.swift in Sources */ = {isa = PBXBuildFile; fileRef = BCAF7CF42C0A359D00C4AAA9 /* ContentView.swift */; };
		BCAF7CF72C0A359E00C4AAA9 /* Assets.xcassets in Resources */ = {isa = PBXBuildFile; fileRef = BCAF7CF62C0A359E00C4AAA9 /* Assets.xcassets */; };
		BCAF7CFA2C0A359E00C4AAA9 /* Preview Assets.xcassets in Resources */ = {isa = PBXBuildFile; fileRef = BCAF7CF92C0A359E00C4AAA9 /* Preview Assets.xcassets */; };
		BCAF7D112C0A3C8D00C4AAA9 /* MainTabView.swift in Sources */ = {isa = PBXBuildFile; fileRef = BCAF7D102C0A3C8D00C4AAA9 /* MainTabView.swift */; };
		BCAF7D132C0B418D00C4AAA9 /* FeedView.swift in Sources */ = {isa = PBXBuildFile; fileRef = BCAF7D122C0B418D00C4AAA9 /* FeedView.swift */; };
		BCAF7D152C0B435C00C4AAA9 /* FeedCell.swift in Sources */ = {isa = PBXBuildFile; fileRef = BCAF7D142C0B435C00C4AAA9 /* FeedCell.swift */; };
		BCAF7D172C0B496A00C4AAA9 /* ExploreView.swift in Sources */ = {isa = PBXBuildFile; fileRef = BCAF7D162C0B496A00C4AAA9 /* ExploreView.swift */; };
		BCAF7D192C0B497E00C4AAA9 /* UserCell.swift in Sources */ = {isa = PBXBuildFile; fileRef = BCAF7D182C0B497E00C4AAA9 /* UserCell.swift */; };
		BCAF7D1B2C0B8CEE00C4AAA9 /* NotificationView.swift in Sources */ = {isa = PBXBuildFile; fileRef = BCAF7D1A2C0B8CEE00C4AAA9 /* NotificationView.swift */; };
		BCAF7D1D2C0B8CFD00C4AAA9 /* NotificationCell.swift in Sources */ = {isa = PBXBuildFile; fileRef = BCAF7D1C2C0B8CFD00C4AAA9 /* NotificationCell.swift */; };
		BCAF7D1F2C0B925600C4AAA9 /* CurrentUserProfileView.swift in Sources */ = {isa = PBXBuildFile; fileRef = BCAF7D1E2C0B925600C4AAA9 /* CurrentUserProfileView.swift */; };
		BCAF7D212C0B92EA00C4AAA9 /* ProfileHeaderView.swift in Sources */ = {isa = PBXBuildFile; fileRef = BCAF7D202C0B92EA00C4AAA9 /* ProfileHeaderView.swift */; };
		BCAF7D282C0B964200C4AAA9 /* PostGridView.swift in Sources */ = {isa = PBXBuildFile; fileRef = BCAF7D272C0B964200C4AAA9 /* PostGridView.swift */; };
		BCAF7D2A2C0B96F100C4AAA9 /* UserStatView.swift in Sources */ = {isa = PBXBuildFile; fileRef = BCAF7D292C0B96F100C4AAA9 /* UserStatView.swift */; };
		BCAF7D2C2C0BE72E00C4AAA9 /* Post.swift in Sources */ = {isa = PBXBuildFile; fileRef = BCAF7D2B2C0BE72E00C4AAA9 /* Post.swift */; };
		BCAF7D312C0BE7B600C4AAA9 /* FeedViewModel.swift in Sources */ = {isa = PBXBuildFile; fileRef = BCAF7D302C0BE7B600C4AAA9 /* FeedViewModel.swift */; };
/* End PBXBuildFile section */

/* Begin PBXFileReference section */
		BC6075D92C0CB63000E6FF85 /* CustomVideoPlayer.swift */ = {isa = PBXFileReference; lastKnownFileType = sourcecode.swift; path = CustomVideoPlayer.swift; sourceTree = "<group>"; };
		BCAF7CEF2C0A359D00C4AAA9 /* TikTok.app */ = {isa = PBXFileReference; explicitFileType = wrapper.application; includeInIndex = 0; path = TikTok.app; sourceTree = BUILT_PRODUCTS_DIR; };
		BCAF7CF22C0A359D00C4AAA9 /* TikTokApp.swift */ = {isa = PBXFileReference; lastKnownFileType = sourcecode.swift; path = TikTokApp.swift; sourceTree = "<group>"; };
		BCAF7CF42C0A359D00C4AAA9 /* ContentView.swift */ = {isa = PBXFileReference; lastKnownFileType = sourcecode.swift; path = ContentView.swift; sourceTree = "<group>"; };
		BCAF7CF62C0A359E00C4AAA9 /* Assets.xcassets */ = {isa = PBXFileReference; lastKnownFileType = folder.assetcatalog; path = Assets.xcassets; sourceTree = "<group>"; };
		BCAF7CF92C0A359E00C4AAA9 /* Preview Assets.xcassets */ = {isa = PBXFileReference; lastKnownFileType = folder.assetcatalog; path = "Preview Assets.xcassets"; sourceTree = "<group>"; };
		BCAF7D102C0A3C8D00C4AAA9 /* MainTabView.swift */ = {isa = PBXFileReference; lastKnownFileType = sourcecode.swift; path = MainTabView.swift; sourceTree = "<group>"; };
		BCAF7D122C0B418D00C4AAA9 /* FeedView.swift */ = {isa = PBXFileReference; lastKnownFileType = sourcecode.swift; path = FeedView.swift; sourceTree = "<group>"; };
		BCAF7D142C0B435C00C4AAA9 /* FeedCell.swift */ = {isa = PBXFileReference; lastKnownFileType = sourcecode.swift; path = FeedCell.swift; sourceTree = "<group>"; };
		BCAF7D162C0B496A00C4AAA9 /* ExploreView.swift */ = {isa = PBXFileReference; lastKnownFileType = sourcecode.swift; path = ExploreView.swift; sourceTree = "<group>"; };
		BCAF7D182C0B497E00C4AAA9 /* UserCell.swift */ = {isa = PBXFileReference; lastKnownFileType = sourcecode.swift; path = UserCell.swift; sourceTree = "<group>"; };
		BCAF7D1A2C0B8CEE00C4AAA9 /* NotificationView.swift */ = {isa = PBXFileReference; lastKnownFileType = sourcecode.swift; path = NotificationView.swift; sourceTree = "<group>"; };
		BCAF7D1C2C0B8CFD00C4AAA9 /* NotificationCell.swift */ = {isa = PBXFileReference; lastKnownFileType = sourcecode.swift; path = NotificationCell.swift; sourceTree = "<group>"; };
		BCAF7D1E2C0B925600C4AAA9 /* CurrentUserProfileView.swift */ = {isa = PBXFileReference; lastKnownFileType = sourcecode.swift; path = CurrentUserProfileView.swift; sourceTree = "<group>"; };
		BCAF7D202C0B92EA00C4AAA9 /* ProfileHeaderView.swift */ = {isa = PBXFileReference; lastKnownFileType = sourcecode.swift; path = ProfileHeaderView.swift; sourceTree = "<group>"; };
		BCAF7D272C0B964200C4AAA9 /* PostGridView.swift */ = {isa = PBXFileReference; lastKnownFileType = sourcecode.swift; path = PostGridView.swift; sourceTree = "<group>"; };
		BCAF7D292C0B96F100C4AAA9 /* UserStatView.swift */ = {isa = PBXFileReference; lastKnownFileType = sourcecode.swift; path = UserStatView.swift; sourceTree = "<group>"; };
		BCAF7D2B2C0BE72E00C4AAA9 /* Post.swift */ = {isa = PBXFileReference; lastKnownFileType = sourcecode.swift; path = Post.swift; sourceTree = "<group>"; };
		BCAF7D302C0BE7B600C4AAA9 /* FeedViewModel.swift */ = {isa = PBXFileReference; lastKnownFileType = sourcecode.swift; path = FeedViewModel.swift; sourceTree = "<group>"; };
/* End PBXFileReference section */

/* Begin PBXFrameworksBuildPhase section */
		BCAF7CEC2C0A359D00C4AAA9 /* Frameworks */ = {
			isa = PBXFrameworksBuildPhase;
			buildActionMask = 2147483647;
			files = (
			);
			runOnlyForDeploymentPostprocessing = 0;
		};
/* End PBXFrameworksBuildPhase section */

/* Begin PBXGroup section */
		BCAF7CE62C0A359D00C4AAA9 = {
			isa = PBXGroup;
			children = (
				BCAF7CF12C0A359D00C4AAA9 /* TikTok */,
				BCAF7CF02C0A359D00C4AAA9 /* Products */,
			);
			sourceTree = "<group>";
		};
		BCAF7CF02C0A359D00C4AAA9 /* Products */ = {
			isa = PBXGroup;
			children = (
				BCAF7CEF2C0A359D00C4AAA9 /* TikTok.app */,
			);
			name = Products;
			sourceTree = "<group>";
		};
		BCAF7CF12C0A359D00C4AAA9 /* TikTok */ = {
			isa = PBXGroup;
			children = (
				BCAF7D052C0A35CB00C4AAA9 /* App */,
				BCAF7D042C0A35CA00C4AAA9 /* Core */,
				BCAF7D032C0A35C800C4AAA9 /* Extentions */,
				BCAF7D022C0A35C600C4AAA9 /* Model */,
				BCAF7D012C0A35C400C4AAA9 /* Services */,
				BCAF7D002C0A35BD00C4AAA9 /* Utils */,
				BCAF7CF62C0A359E00C4AAA9 /* Assets.xcassets */,
				BCAF7CF82C0A359E00C4AAA9 /* Preview Content */,
			);
			path = TikTok;
			sourceTree = "<group>";
		};
		BCAF7CF82C0A359E00C4AAA9 /* Preview Content */ = {
			isa = PBXGroup;
			children = (
				BCAF7CF92C0A359E00C4AAA9 /* Preview Assets.xcassets */,
			);
			path = "Preview Content";
			sourceTree = "<group>";
		};
		BCAF7D002C0A35BD00C4AAA9 /* Utils */ = {
			isa = PBXGroup;
			children = (
			);
			path = Utils;
			sourceTree = "<group>";
		};
		BCAF7D012C0A35C400C4AAA9 /* Services */ = {
			isa = PBXGroup;
			children = (
			);
			path = Services;
			sourceTree = "<group>";
		};
		BCAF7D022C0A35C600C4AAA9 /* Model */ = {
			isa = PBXGroup;
			children = (
				BCAF7D2B2C0BE72E00C4AAA9 /* Post.swift */,
			);
			path = Model;
			sourceTree = "<group>";
		};
		BCAF7D032C0A35C800C4AAA9 /* Extentions */ = {
			isa = PBXGroup;
			children = (
			);
			path = Extentions;
			sourceTree = "<group>";
		};
		BCAF7D042C0A35CA00C4AAA9 /* Core */ = {
			isa = PBXGroup;
			children = (
				BCAF7D0F2C0A36AA00C4AAA9 /* Authentication */,
				BCAF7D0E2C0A36A900C4AAA9 /* Comments */,
				BCAF7D0D2C0A36A400C4AAA9 /* Components */,
				BCAF7D0C2C0A36A300C4AAA9 /* Feed */,
				BCAF7D0B2C0A36A100C4AAA9 /* Notifications */,
				BCAF7D0A2C0A36A000C4AAA9 /* Profile */,
				BCAF7D092C0A369F00C4AAA9 /* Root */,
				BCAF7D082C0A369D00C4AAA9 /* Search */,
				BCAF7D072C0A369B00C4AAA9 /* TabBar */,
				BCAF7D062C0A369A00C4AAA9 /* UploadingMedia */,
			);
			path = Core;
			sourceTree = "<group>";
		};
		BCAF7D052C0A35CB00C4AAA9 /* App */ = {
			isa = PBXGroup;
			children = (
				BCAF7CF22C0A359D00C4AAA9 /* TikTokApp.swift */,
			);
			path = App;
			sourceTree = "<group>";
		};
		BCAF7D062C0A369A00C4AAA9 /* UploadingMedia */ = {
			isa = PBXGroup;
			children = (
			);
			path = UploadingMedia;
			sourceTree = "<group>";
		};
		BCAF7D072C0A369B00C4AAA9 /* TabBar */ = {
			isa = PBXGroup;
			children = (
				BCAF7D102C0A3C8D00C4AAA9 /* MainTabView.swift */,
			);
			path = TabBar;
			sourceTree = "<group>";
		};
		BCAF7D082C0A369D00C4AAA9 /* Search */ = {
			isa = PBXGroup;
			children = (
				BCAF7D162C0B496A00C4AAA9 /* ExploreView.swift */,
				BCAF7D182C0B497E00C4AAA9 /* UserCell.swift */,
			);
			path = Search;
			sourceTree = "<group>";
		};
		BCAF7D092C0A369F00C4AAA9 /* Root */ = {
			isa = PBXGroup;
			children = (
				BCAF7CF42C0A359D00C4AAA9 /* ContentView.swift */,
			);
			path = Root;
			sourceTree = "<group>";
		};
		BCAF7D0A2C0A36A000C4AAA9 /* Profile */ = {
			isa = PBXGroup;
			children = (
				BCAF7D242C0B95E100C4AAA9 /* Components */,
				BCAF7D1E2C0B925600C4AAA9 /* CurrentUserProfileView.swift */,
			);
			path = Profile;
			sourceTree = "<group>";
		};
		BCAF7D0B2C0A36A100C4AAA9 /* Notifications */ = {
			isa = PBXGroup;
			children = (
				BCAF7D1A2C0B8CEE00C4AAA9 /* NotificationView.swift */,
				BCAF7D1C2C0B8CFD00C4AAA9 /* NotificationCell.swift */,
			);
			path = Notifications;
			sourceTree = "<group>";
		};
		BCAF7D0C2C0A36A300C4AAA9 /* Feed */ = {
			isa = PBXGroup;
			children = (
				BCAF7D2F2C0BE77300C4AAA9 /* Service */,
				BCAF7D2E2C0BE77000C4AAA9 /* View */,
				BCAF7D2D2C0BE76D00C4AAA9 /* ViewModel */,
			);
			path = Feed;
			sourceTree = "<group>";
		};
		BCAF7D0D2C0A36A400C4AAA9 /* Components */ = {
			isa = PBXGroup;
			children = (
				BC6075D92C0CB63000E6FF85 /* CustomVideoPlayer.swift */,
			);
			path = Components;
			sourceTree = "<group>";
		};
		BCAF7D0E2C0A36A900C4AAA9 /* Comments */ = {
			isa = PBXGroup;
			children = (
			);
			path = Comments;
			sourceTree = "<group>";
		};
		BCAF7D0F2C0A36AA00C4AAA9 /* Authentication */ = {
			isa = PBXGroup;
			children = (
			);
			path = Authentication;
			sourceTree = "<group>";
		};
		BCAF7D242C0B95E100C4AAA9 /* Components */ = {
			isa = PBXGroup;
			children = (
				BCAF7D272C0B964200C4AAA9 /* PostGridView.swift */,
				BCAF7D202C0B92EA00C4AAA9 /* ProfileHeaderView.swift */,
				BCAF7D292C0B96F100C4AAA9 /* UserStatView.swift */,
			);
			path = Components;
			sourceTree = "<group>";
		};
		BCAF7D2D2C0BE76D00C4AAA9 /* ViewModel */ = {
			isa = PBXGroup;
			children = (
				BCAF7D302C0BE7B600C4AAA9 /* FeedViewModel.swift */,
			);
			path = ViewModel;
			sourceTree = "<group>";
		};
		BCAF7D2E2C0BE77000C4AAA9 /* View */ = {
			isa = PBXGroup;
			children = (
				BCAF7D122C0B418D00C4AAA9 /* FeedView.swift */,
				BCAF7D142C0B435C00C4AAA9 /* FeedCell.swift */,
			);
			path = View;
			sourceTree = "<group>";
		};
		BCAF7D2F2C0BE77300C4AAA9 /* Service */ = {
			isa = PBXGroup;
			children = (
			);
			path = Service;
			sourceTree = "<group>";
		};
/* End PBXGroup section */

/* Begin PBXNativeTarget section */
		BCAF7CEE2C0A359D00C4AAA9 /* TikTok */ = {
			isa = PBXNativeTarget;
			buildConfigurationList = BCAF7CFD2C0A359E00C4AAA9 /* Build configuration list for PBXNativeTarget "TikTok" */;
			buildPhases = (
				BCAF7CEB2C0A359D00C4AAA9 /* Sources */,
				BCAF7CEC2C0A359D00C4AAA9 /* Frameworks */,
				BCAF7CED2C0A359D00C4AAA9 /* Resources */,
			);
			buildRules = (
			);
			dependencies = (
			);
			name = TikTok;
			productName = TikTok;
			productReference = BCAF7CEF2C0A359D00C4AAA9 /* TikTok.app */;
			productType = "com.apple.product-type.application";
		};
/* End PBXNativeTarget section */

/* Begin PBXProject section */
		BCAF7CE72C0A359D00C4AAA9 /* Project object */ = {
			isa = PBXProject;
			attributes = {
				BuildIndependentTargetsInParallel = 1;
				LastSwiftUpdateCheck = 1530;
				LastUpgradeCheck = 1530;
				TargetAttributes = {
					BCAF7CEE2C0A359D00C4AAA9 = {
						CreatedOnToolsVersion = 15.3;
					};
				};
			};
			buildConfigurationList = BCAF7CEA2C0A359D00C4AAA9 /* Build configuration list for PBXProject "TikTok" */;
			compatibilityVersion = "Xcode 14.0";
			developmentRegion = en;
			hasScannedForEncodings = 0;
			knownRegions = (
				en,
				Base,
			);
			mainGroup = BCAF7CE62C0A359D00C4AAA9;
			productRefGroup = BCAF7CF02C0A359D00C4AAA9 /* Products */;
			projectDirPath = "";
			projectRoot = "";
			targets = (
				BCAF7CEE2C0A359D00C4AAA9 /* TikTok */,
			);
		};
/* End PBXProject section */

/* Begin PBXResourcesBuildPhase section */
		BCAF7CED2C0A359D00C4AAA9 /* Resources */ = {
			isa = PBXResourcesBuildPhase;
			buildActionMask = 2147483647;
			files = (
				BCAF7CFA2C0A359E00C4AAA9 /* Preview Assets.xcassets in Resources */,
				BCAF7CF72C0A359E00C4AAA9 /* Assets.xcassets in Resources */,
			);
			runOnlyForDeploymentPostprocessing = 0;
		};
/* End PBXResourcesBuildPhase section */

/* Begin PBXSourcesBuildPhase section */
		BCAF7CEB2C0A359D00C4AAA9 /* Sources */ = {
			isa = PBXSourcesBuildPhase;
			buildActionMask = 2147483647;
			files = (
				BCAF7D132C0B418D00C4AAA9 /* FeedView.swift in Sources */,
				BC6075DA2C0CB63000E6FF85 /* CustomVideoPlayer.swift in Sources */,
				BCAF7D1D2C0B8CFD00C4AAA9 /* NotificationCell.swift in Sources */,
				BCAF7D212C0B92EA00C4AAA9 /* ProfileHeaderView.swift in Sources */,
				BCAF7D2A2C0B96F100C4AAA9 /* UserStatView.swift in Sources */,
				BCAF7D152C0B435C00C4AAA9 /* FeedCell.swift in Sources */,
				BCAF7D312C0BE7B600C4AAA9 /* FeedViewModel.swift in Sources */,
				BCAF7D2C2C0BE72E00C4AAA9 /* Post.swift in Sources */,
				BCAF7CF52C0A359D00C4AAA9 /* ContentView.swift in Sources */,
				BCAF7D1B2C0B8CEE00C4AAA9 /* NotificationView.swift in Sources */,
				BCAF7CF32C0A359D00C4AAA9 /* TikTokApp.swift in Sources */,
				BCAF7D172C0B496A00C4AAA9 /* ExploreView.swift in Sources */,
				BCAF7D282C0B964200C4AAA9 /* PostGridView.swift in Sources */,
				BCAF7D1F2C0B925600C4AAA9 /* CurrentUserProfileView.swift in Sources */,
				BCAF7D112C0A3C8D00C4AAA9 /* MainTabView.swift in Sources */,
				BCAF7D192C0B497E00C4AAA9 /* UserCell.swift in Sources */,
			);
			runOnlyForDeploymentPostprocessing = 0;
		};
/* End PBXSourcesBuildPhase section */

/* Begin XCBuildConfiguration section */
		BCAF7CFB2C0A359E00C4AAA9 /* Debug */ = {
			isa = XCBuildConfiguration;
			buildSettings = {
				ALWAYS_SEARCH_USER_PATHS = NO;
				ASSETCATALOG_COMPILER_GENERATE_SWIFT_ASSET_SYMBOL_EXTENSIONS = YES;
				CLANG_ANALYZER_NONNULL = YES;
				CLANG_ANALYZER_NUMBER_OBJECT_CONVERSION = YES_AGGRESSIVE;
				CLANG_CXX_LANGUAGE_STANDARD = "gnu++20";
				CLANG_ENABLE_MODULES = YES;
				CLANG_ENABLE_OBJC_ARC = YES;
				CLANG_ENABLE_OBJC_WEAK = YES;
				CLANG_WARN_BLOCK_CAPTURE_AUTORELEASING = YES;
				CLANG_WARN_BOOL_CONVERSION = YES;
				CLANG_WARN_COMMA = YES;
				CLANG_WARN_CONSTANT_CONVERSION = YES;
				CLANG_WARN_DEPRECATED_OBJC_IMPLEMENTATIONS = YES;
				CLANG_WARN_DIRECT_OBJC_ISA_USAGE = YES_ERROR;
				CLANG_WARN_DOCUMENTATION_COMMENTS = YES;
				CLANG_WARN_EMPTY_BODY = YES;
				CLANG_WARN_ENUM_CONVERSION = YES;
				CLANG_WARN_INFINITE_RECURSION = YES;
				CLANG_WARN_INT_CONVERSION = YES;
				CLANG_WARN_NON_LITERAL_NULL_CONVERSION = YES;
				CLANG_WARN_OBJC_IMPLICIT_RETAIN_SELF = YES;
				CLANG_WARN_OBJC_LITERAL_CONVERSION = YES;
				CLANG_WARN_OBJC_ROOT_CLASS = YES_ERROR;
				CLANG_WARN_QUOTED_INCLUDE_IN_FRAMEWORK_HEADER = YES;
				CLANG_WARN_RANGE_LOOP_ANALYSIS = YES;
				CLANG_WARN_STRICT_PROTOTYPES = YES;
				CLANG_WARN_SUSPICIOUS_MOVE = YES;
				CLANG_WARN_UNGUARDED_AVAILABILITY = YES_AGGRESSIVE;
				CLANG_WARN_UNREACHABLE_CODE = YES;
				CLANG_WARN__DUPLICATE_METHOD_MATCH = YES;
				COPY_PHASE_STRIP = NO;
				DEBUG_INFORMATION_FORMAT = dwarf;
				ENABLE_STRICT_OBJC_MSGSEND = YES;
				ENABLE_TESTABILITY = YES;
				ENABLE_USER_SCRIPT_SANDBOXING = YES;
				GCC_C_LANGUAGE_STANDARD = gnu17;
				GCC_DYNAMIC_NO_PIC = NO;
				GCC_NO_COMMON_BLOCKS = YES;
				GCC_OPTIMIZATION_LEVEL = 0;
				GCC_PREPROCESSOR_DEFINITIONS = (
					"DEBUG=1",
					"$(inherited)",
				);
				GCC_WARN_64_TO_32_BIT_CONVERSION = YES;
				GCC_WARN_ABOUT_RETURN_TYPE = YES_ERROR;
				GCC_WARN_UNDECLARED_SELECTOR = YES;
				GCC_WARN_UNINITIALIZED_AUTOS = YES_AGGRESSIVE;
				GCC_WARN_UNUSED_FUNCTION = YES;
				GCC_WARN_UNUSED_VARIABLE = YES;
				IPHONEOS_DEPLOYMENT_TARGET = 17.4;
				LOCALIZATION_PREFERS_STRING_CATALOGS = YES;
				MTL_ENABLE_DEBUG_INFO = INCLUDE_SOURCE;
				MTL_FAST_MATH = YES;
				ONLY_ACTIVE_ARCH = YES;
				SDKROOT = iphoneos;
				SWIFT_ACTIVE_COMPILATION_CONDITIONS = "DEBUG $(inherited)";
				SWIFT_OPTIMIZATION_LEVEL = "-Onone";
			};
			name = Debug;
		};
		BCAF7CFC2C0A359E00C4AAA9 /* Release */ = {
			isa = XCBuildConfiguration;
			buildSettings = {
				ALWAYS_SEARCH_USER_PATHS = NO;
				ASSETCATALOG_COMPILER_GENERATE_SWIFT_ASSET_SYMBOL_EXTENSIONS = YES;
				CLANG_ANALYZER_NONNULL = YES;
				CLANG_ANALYZER_NUMBER_OBJECT_CONVERSION = YES_AGGRESSIVE;
				CLANG_CXX_LANGUAGE_STANDARD = "gnu++20";
				CLANG_ENABLE_MODULES = YES;
				CLANG_ENABLE_OBJC_ARC = YES;
				CLANG_ENABLE_OBJC_WEAK = YES;
				CLANG_WARN_BLOCK_CAPTURE_AUTORELEASING = YES;
				CLANG_WARN_BOOL_CONVERSION = YES;
				CLANG_WARN_COMMA = YES;
				CLANG_WARN_CONSTANT_CONVERSION = YES;
				CLANG_WARN_DEPRECATED_OBJC_IMPLEMENTATIONS = YES;
				CLANG_WARN_DIRECT_OBJC_ISA_USAGE = YES_ERROR;
				CLANG_WARN_DOCUMENTATION_COMMENTS = YES;
				CLANG_WARN_EMPTY_BODY = YES;
				CLANG_WARN_ENUM_CONVERSION = YES;
				CLANG_WARN_INFINITE_RECURSION = YES;
				CLANG_WARN_INT_CONVERSION = YES;
				CLANG_WARN_NON_LITERAL_NULL_CONVERSION = YES;
				CLANG_WARN_OBJC_IMPLICIT_RETAIN_SELF = YES;
				CLANG_WARN_OBJC_LITERAL_CONVERSION = YES;
				CLANG_WARN_OBJC_ROOT_CLASS = YES_ERROR;
				CLANG_WARN_QUOTED_INCLUDE_IN_FRAMEWORK_HEADER = YES;
				CLANG_WARN_RANGE_LOOP_ANALYSIS = YES;
				CLANG_WARN_STRICT_PROTOTYPES = YES;
				CLANG_WARN_SUSPICIOUS_MOVE = YES;
				CLANG_WARN_UNGUARDED_AVAILABILITY = YES_AGGRESSIVE;
				CLANG_WARN_UNREACHABLE_CODE = YES;
				CLANG_WARN__DUPLICATE_METHOD_MATCH = YES;
				COPY_PHASE_STRIP = NO;
				DEBUG_INFORMATION_FORMAT = "dwarf-with-dsym";
				ENABLE_NS_ASSERTIONS = NO;
				ENABLE_STRICT_OBJC_MSGSEND = YES;
				ENABLE_USER_SCRIPT_SANDBOXING = YES;
				GCC_C_LANGUAGE_STANDARD = gnu17;
				GCC_NO_COMMON_BLOCKS = YES;
				GCC_WARN_64_TO_32_BIT_CONVERSION = YES;
				GCC_WARN_ABOUT_RETURN_TYPE = YES_ERROR;
				GCC_WARN_UNDECLARED_SELECTOR = YES;
				GCC_WARN_UNINITIALIZED_AUTOS = YES_AGGRESSIVE;
				GCC_WARN_UNUSED_FUNCTION = YES;
				GCC_WARN_UNUSED_VARIABLE = YES;
				IPHONEOS_DEPLOYMENT_TARGET = 17.4;
				LOCALIZATION_PREFERS_STRING_CATALOGS = YES;
				MTL_ENABLE_DEBUG_INFO = NO;
				MTL_FAST_MATH = YES;
				SDKROOT = iphoneos;
				SWIFT_COMPILATION_MODE = wholemodule;
				VALIDATE_PRODUCT = YES;
			};
			name = Release;
		};
		BCAF7CFE2C0A359E00C4AAA9 /* Debug */ = {
			isa = XCBuildConfiguration;
			buildSettings = {
				ASSETCATALOG_COMPILER_APPICON_NAME = AppIcon;
				ASSETCATALOG_COMPILER_GLOBAL_ACCENT_COLOR_NAME = AccentColor;
				CODE_SIGN_STYLE = Automatic;
				CURRENT_PROJECT_VERSION = 1;
				DEVELOPMENT_ASSET_PATHS = "\"TikTok/Preview Content\"";
				ENABLE_PREVIEWS = YES;
				GENERATE_INFOPLIST_FILE = YES;
				INFOPLIST_KEY_UIApplicationSceneManifest_Generation = YES;
				INFOPLIST_KEY_UIApplicationSupportsIndirectInputEvents = YES;
				INFOPLIST_KEY_UILaunchScreen_Generation = YES;
				INFOPLIST_KEY_UISupportedInterfaceOrientations_iPad = "UIInterfaceOrientationPortrait UIInterfaceOrientationPortraitUpsideDown UIInterfaceOrientationLandscapeLeft UIInterfaceOrientationLandscapeRight";
				INFOPLIST_KEY_UISupportedInterfaceOrientations_iPhone = "UIInterfaceOrientationPortrait UIInterfaceOrientationLandscapeLeft UIInterfaceOrientationLandscapeRight";
				LD_RUNPATH_SEARCH_PATHS = (
					"$(inherited)",
					"@executable_path/Frameworks",
				);
				MARKETING_VERSION = 1.0;
				PRODUCT_BUNDLE_IDENTIFIER = test1.TikTok;
				PRODUCT_NAME = "$(TARGET_NAME)";
				SWIFT_EMIT_LOC_STRINGS = YES;
				SWIFT_VERSION = 5.0;
				TARGETED_DEVICE_FAMILY = "1,2";
			};
			name = Debug;
		};
		BCAF7CFF2C0A359E00C4AAA9 /* Release */ = {
			isa = XCBuildConfiguration;
			buildSettings = {
				ASSETCATALOG_COMPILER_APPICON_NAME = AppIcon;
				ASSETCATALOG_COMPILER_GLOBAL_ACCENT_COLOR_NAME = AccentColor;
				CODE_SIGN_STYLE = Automatic;
				CURRENT_PROJECT_VERSION = 1;
				DEVELOPMENT_ASSET_PATHS = "\"TikTok/Preview Content\"";
				ENABLE_PREVIEWS = YES;
				GENERATE_INFOPLIST_FILE = YES;
				INFOPLIST_KEY_UIApplicationSceneManifest_Generation = YES;
				INFOPLIST_KEY_UIApplicationSupportsIndirectInputEvents = YES;
				INFOPLIST_KEY_UILaunchScreen_Generation = YES;
				INFOPLIST_KEY_UISupportedInterfaceOrientations_iPad = "UIInterfaceOrientationPortrait UIInterfaceOrientationPortraitUpsideDown UIInterfaceOrientationLandscapeLeft UIInterfaceOrientationLandscapeRight";
				INFOPLIST_KEY_UISupportedInterfaceOrientations_iPhone = "UIInterfaceOrientationPortrait UIInterfaceOrientationLandscapeLeft UIInterfaceOrientationLandscapeRight";
				LD_RUNPATH_SEARCH_PATHS = (
					"$(inherited)",
					"@executable_path/Frameworks",
				);
				MARKETING_VERSION = 1.0;
				PRODUCT_BUNDLE_IDENTIFIER = test1.TikTok;
				PRODUCT_NAME = "$(TARGET_NAME)";
				SWIFT_EMIT_LOC_STRINGS = YES;
				SWIFT_VERSION = 5.0;
				TARGETED_DEVICE_FAMILY = "1,2";
			};
			name = Release;
		};
/* End XCBuildConfiguration section */

/* Begin XCConfigurationList section */
		BCAF7CEA2C0A359D00C4AAA9 /* Build configuration list for PBXProject "TikTok" */ = {
			isa = XCConfigurationList;
			buildConfigurations = (
				BCAF7CFB2C0A359E00C4AAA9 /* Debug */,
				BCAF7CFC2C0A359E00C4AAA9 /* Release */,
			);
			defaultConfigurationIsVisible = 0;
			defaultConfigurationName = Release;
		};
		BCAF7CFD2C0A359E00C4AAA9 /* Build configuration list for PBXNativeTarget "TikTok" */ = {
			isa = XCConfigurationList;
			buildConfigurations = (
				BCAF7CFE2C0A359E00C4AAA9 /* Debug */,
				BCAF7CFF2C0A359E00C4AAA9 /* Release */,
			);
			defaultConfigurationIsVisible = 0;
			defaultConfigurationName = Release;
		};
/* End XCConfigurationList section */
	};
	rootObject = BCAF7CE72C0A359D00C4AAA9 /* Project object */;
}
